// !$*UTF8*$!
{
	archiveVersion = 1;
	classes = {
	};
	objectVersion = 46;
	objects = {

/* Begin PBXAggregateTarget section */
		"mvvmc-template::mvvmc-templatePackageTests::ProductTarget" /* mvvmc-templatePackageTests */ = {
			isa = PBXAggregateTarget;
			buildConfigurationList = OBJ_98 /* Build configuration list for PBXAggregateTarget "mvvmc-templatePackageTests" */;
			buildPhases = (
			);
			dependencies = (
				OBJ_101 /* PBXTargetDependency */,
			);
			name = "mvvmc-templatePackageTests";
			productName = "mvvmc-templatePackageTests";
		};
/* End PBXAggregateTarget section */

/* Begin PBXBuildFile section */
		OBJ_107 /* XCTestManifests.swift in Sources */ = {isa = PBXBuildFile; fileRef = OBJ_27 /* XCTestManifests.swift */; };
		OBJ_108 /* mvvmc_templateTests.swift in Sources */ = {isa = PBXBuildFile; fileRef = OBJ_28 /* mvvmc_templateTests.swift */; };
		OBJ_110 /* ShellOut.framework in Frameworks */ = {isa = PBXBuildFile; fileRef = "ShellOut::ShellOut::Product" /* ShellOut.framework */; };
		OBJ_111 /* Files.framework in Frameworks */ = {isa = PBXBuildFile; fileRef = "Files::Files::Product" /* Files.framework */; };
		OBJ_46 /* Files.swift in Sources */ = {isa = PBXBuildFile; fileRef = OBJ_35 /* Files.swift */; };
		OBJ_53 /* Package.swift in Sources */ = {isa = PBXBuildFile; fileRef = OBJ_34 /* Package.swift */; };
		OBJ_59 /* ShellOut.swift in Sources */ = {isa = PBXBuildFile; fileRef = OBJ_32 /* ShellOut.swift */; };
		OBJ_66 /* Package.swift in Sources */ = {isa = PBXBuildFile; fileRef = OBJ_31 /* Package.swift */; };
		OBJ_72 /* Command.swift in Sources */ = {isa = PBXBuildFile; fileRef = OBJ_9 /* Command.swift */; };
		OBJ_73 /* CommandInterpreter.swift in Sources */ = {isa = PBXBuildFile; fileRef = OBJ_10 /* CommandInterpreter.swift */; };
		OBJ_74 /* CommandParser.swift in Sources */ = {isa = PBXBuildFile; fileRef = OBJ_11 /* CommandParser.swift */; };
		OBJ_75 /* Execute.swift in Sources */ = {isa = PBXBuildFile; fileRef = OBJ_12 /* Execute.swift */; };
		OBJ_76 /* CoordinatorTemplate.swift in Sources */ = {isa = PBXBuildFile; fileRef = OBJ_14 /* CoordinatorTemplate.swift */; };
		OBJ_77 /* CoordinatorTestsTemplate.swift in Sources */ = {isa = PBXBuildFile; fileRef = OBJ_15 /* CoordinatorTestsTemplate.swift */; };
		OBJ_78 /* ModelTemplate.swift in Sources */ = {isa = PBXBuildFile; fileRef = OBJ_16 /* ModelTemplate.swift */; };
		OBJ_79 /* Template.swift in Sources */ = {isa = PBXBuildFile; fileRef = OBJ_17 /* Template.swift */; };
		OBJ_80 /* ViewControllerTemplate.swift in Sources */ = {isa = PBXBuildFile; fileRef = OBJ_18 /* ViewControllerTemplate.swift */; };
		OBJ_81 /* ViewModelTemplate.swift in Sources */ = {isa = PBXBuildFile; fileRef = OBJ_19 /* ViewModelTemplate.swift */; };
		OBJ_82 /* Usage.swift in Sources */ = {isa = PBXBuildFile; fileRef = OBJ_20 /* Usage.swift */; };
		OBJ_83 /* CommandLine.swift in Sources */ = {isa = PBXBuildFile; fileRef = OBJ_22 /* CommandLine.swift */; };
		OBJ_84 /* Result.swift in Sources */ = {isa = PBXBuildFile; fileRef = OBJ_23 /* Result.swift */; };
		OBJ_85 /* main.swift in Sources */ = {isa = PBXBuildFile; fileRef = OBJ_24 /* main.swift */; };
		OBJ_87 /* ShellOut.framework in Frameworks */ = {isa = PBXBuildFile; fileRef = "ShellOut::ShellOut::Product" /* ShellOut.framework */; };
		OBJ_88 /* Files.framework in Frameworks */ = {isa = PBXBuildFile; fileRef = "Files::Files::Product" /* Files.framework */; };
		OBJ_96 /* Package.swift in Sources */ = {isa = PBXBuildFile; fileRef = OBJ_6 /* Package.swift */; };
/* End PBXBuildFile section */

/* Begin PBXContainerItemProxy section */
		F5C22F802224C3CD0087A561 /* PBXContainerItemProxy */ = {
			isa = PBXContainerItemProxy;
			containerPortal = OBJ_1 /* Project object */;
			proxyType = 1;
			remoteGlobalIDString = "ShellOut::ShellOut";
			remoteInfo = ShellOut;
		};
		F5C22F812224C3CD0087A561 /* PBXContainerItemProxy */ = {
			isa = PBXContainerItemProxy;
			containerPortal = OBJ_1 /* Project object */;
			proxyType = 1;
			remoteGlobalIDString = "Files::Files";
			remoteInfo = Files;
		};
		F5C22F822224C3CD0087A561 /* PBXContainerItemProxy */ = {
			isa = PBXContainerItemProxy;
			containerPortal = OBJ_1 /* Project object */;
			proxyType = 1;
			remoteGlobalIDString = "mvvmc-template::mvvmc-template";
			remoteInfo = "mvvmc-template";
		};
		F5C22F832224C3CD0087A561 /* PBXContainerItemProxy */ = {
			isa = PBXContainerItemProxy;
			containerPortal = OBJ_1 /* Project object */;
			proxyType = 1;
			remoteGlobalIDString = "ShellOut::ShellOut";
			remoteInfo = ShellOut;
		};
		F5C22F842224C3CD0087A561 /* PBXContainerItemProxy */ = {
			isa = PBXContainerItemProxy;
			containerPortal = OBJ_1 /* Project object */;
			proxyType = 1;
			remoteGlobalIDString = "Files::Files";
			remoteInfo = Files;
		};
		F5C22F852224C3CF0087A561 /* PBXContainerItemProxy */ = {
			isa = PBXContainerItemProxy;
			containerPortal = OBJ_1 /* Project object */;
			proxyType = 1;
			remoteGlobalIDString = "mvvmc-template::mvvmc-templateTests";
			remoteInfo = "mvvmc-templateTests";
		};
/* End PBXContainerItemProxy section */

/* Begin PBXFileReference section */
		"Files::Files::Product" /* Files.framework */ = {isa = PBXFileReference; lastKnownFileType = wrapper.framework; path = Files.framework; sourceTree = BUILT_PRODUCTS_DIR; };
		OBJ_10 /* CommandInterpreter.swift */ = {isa = PBXFileReference; lastKnownFileType = sourcecode.swift; path = CommandInterpreter.swift; sourceTree = "<group>"; };
		OBJ_11 /* CommandParser.swift */ = {isa = PBXFileReference; lastKnownFileType = sourcecode.swift; path = CommandParser.swift; sourceTree = "<group>"; };
		OBJ_12 /* Execute.swift */ = {isa = PBXFileReference; lastKnownFileType = sourcecode.swift; path = Execute.swift; sourceTree = "<group>"; };
		OBJ_14 /* CoordinatorTemplate.swift */ = {isa = PBXFileReference; lastKnownFileType = sourcecode.swift; path = CoordinatorTemplate.swift; sourceTree = "<group>"; };
		OBJ_15 /* CoordinatorTestsTemplate.swift */ = {isa = PBXFileReference; lastKnownFileType = sourcecode.swift; path = CoordinatorTestsTemplate.swift; sourceTree = "<group>"; };
		OBJ_16 /* ModelTemplate.swift */ = {isa = PBXFileReference; lastKnownFileType = sourcecode.swift; path = ModelTemplate.swift; sourceTree = "<group>"; };
		OBJ_17 /* Template.swift */ = {isa = PBXFileReference; lastKnownFileType = sourcecode.swift; path = Template.swift; sourceTree = "<group>"; };
		OBJ_18 /* ViewControllerTemplate.swift */ = {isa = PBXFileReference; lastKnownFileType = sourcecode.swift; path = ViewControllerTemplate.swift; sourceTree = "<group>"; };
		OBJ_19 /* ViewModelTemplate.swift */ = {isa = PBXFileReference; lastKnownFileType = sourcecode.swift; path = ViewModelTemplate.swift; sourceTree = "<group>"; };
		OBJ_20 /* Usage.swift */ = {isa = PBXFileReference; lastKnownFileType = sourcecode.swift; path = Usage.swift; sourceTree = "<group>"; };
		OBJ_22 /* CommandLine.swift */ = {isa = PBXFileReference; lastKnownFileType = sourcecode.swift; path = CommandLine.swift; sourceTree = "<group>"; };
		OBJ_23 /* Result.swift */ = {isa = PBXFileReference; lastKnownFileType = sourcecode.swift; path = Result.swift; sourceTree = "<group>"; };
		OBJ_24 /* main.swift */ = {isa = PBXFileReference; lastKnownFileType = sourcecode.swift; path = main.swift; sourceTree = "<group>"; };
		OBJ_27 /* XCTestManifests.swift */ = {isa = PBXFileReference; lastKnownFileType = sourcecode.swift; path = XCTestManifests.swift; sourceTree = "<group>"; };
		OBJ_28 /* mvvmc_templateTests.swift */ = {isa = PBXFileReference; lastKnownFileType = sourcecode.swift; path = mvvmc_templateTests.swift; sourceTree = "<group>"; };
		OBJ_31 /* Package.swift */ = {isa = PBXFileReference; explicitFileType = sourcecode.swift; name = Package.swift; path = "/Users/jp21362/workspace/private/MVVMC-template/.build/checkouts/ShellOut.git--5288649209435089015/Package.swift"; sourceTree = "<group>"; };
		OBJ_32 /* ShellOut.swift */ = {isa = PBXFileReference; lastKnownFileType = sourcecode.swift; path = ShellOut.swift; sourceTree = "<group>"; };
		OBJ_34 /* Package.swift */ = {isa = PBXFileReference; explicitFileType = sourcecode.swift; name = Package.swift; path = "/Users/jp21362/workspace/private/MVVMC-template/.build/checkouts/Files.git--6916869095718727668/Package.swift"; sourceTree = "<group>"; };
		OBJ_35 /* Files.swift */ = {isa = PBXFileReference; lastKnownFileType = sourcecode.swift; path = Files.swift; sourceTree = "<group>"; };
		OBJ_6 /* Package.swift */ = {isa = PBXFileReference; explicitFileType = sourcecode.swift; path = Package.swift; sourceTree = "<group>"; };
		OBJ_9 /* Command.swift */ = {isa = PBXFileReference; lastKnownFileType = sourcecode.swift; path = Command.swift; sourceTree = "<group>"; };
		"ShellOut::ShellOut::Product" /* ShellOut.framework */ = {isa = PBXFileReference; lastKnownFileType = wrapper.framework; path = ShellOut.framework; sourceTree = BUILT_PRODUCTS_DIR; };
		"mvvmc-template::mvvmc-template::Product" /* mvvmc-template */ = {isa = PBXFileReference; lastKnownFileType = text; path = "mvvmc-template"; sourceTree = BUILT_PRODUCTS_DIR; };
		"mvvmc-template::mvvmc-templateTests::Product" /* mvvmc_templateTests.xctest */ = {isa = PBXFileReference; lastKnownFileType = file; name = mvvmc_templateTests.xctest; path = "mvvmc-templateTests.xctest"; sourceTree = BUILT_PRODUCTS_DIR; };
/* End PBXFileReference section */

/* Begin PBXFrameworksBuildPhase section */
		OBJ_109 /* Frameworks */ = {
			isa = PBXFrameworksBuildPhase;
			buildActionMask = 0;
			files = (
				OBJ_110 /* ShellOut.framework in Frameworks */,
				OBJ_111 /* Files.framework in Frameworks */,
			);
			runOnlyForDeploymentPostprocessing = 0;
		};
		OBJ_47 /* Frameworks */ = {
			isa = PBXFrameworksBuildPhase;
			buildActionMask = 0;
			files = (
			);
			runOnlyForDeploymentPostprocessing = 0;
		};
		OBJ_60 /* Frameworks */ = {
			isa = PBXFrameworksBuildPhase;
			buildActionMask = 0;
			files = (
			);
			runOnlyForDeploymentPostprocessing = 0;
		};
		OBJ_86 /* Frameworks */ = {
			isa = PBXFrameworksBuildPhase;
			buildActionMask = 0;
			files = (
				OBJ_87 /* ShellOut.framework in Frameworks */,
				OBJ_88 /* Files.framework in Frameworks */,
			);
			runOnlyForDeploymentPostprocessing = 0;
		};
/* End PBXFrameworksBuildPhase section */

/* Begin PBXGroup section */
		F5C22F862224C3E90087A561 /* Command */ = {
			isa = PBXGroup;
			children = (
				OBJ_9 /* Command.swift */,
				OBJ_10 /* CommandInterpreter.swift */,
				OBJ_11 /* CommandParser.swift */,
				OBJ_12 /* Execute.swift */,
			);
			path = Command;
			sourceTree = "<group>";
		};
		OBJ_13 /* Template */ = {
			isa = PBXGroup;
			children = (
				OBJ_14 /* CoordinatorTemplate.swift */,
				OBJ_15 /* CoordinatorTestsTemplate.swift */,
				OBJ_16 /* ModelTemplate.swift */,
				OBJ_17 /* Template.swift */,
				OBJ_18 /* ViewControllerTemplate.swift */,
				OBJ_19 /* ViewModelTemplate.swift */,
			);
			path = Template;
			sourceTree = "<group>";
		};
		OBJ_21 /* Util */ = {
			isa = PBXGroup;
			children = (
				OBJ_22 /* CommandLine.swift */,
				OBJ_23 /* Result.swift */,
			);
			path = Util;
			sourceTree = "<group>";
		};
		OBJ_25 /* Tests */ = {
			isa = PBXGroup;
			children = (
				OBJ_26 /* mvvmc-templateTests */,
			);
			name = Tests;
			sourceTree = SOURCE_ROOT;
		};
		OBJ_26 /* mvvmc-templateTests */ = {
			isa = PBXGroup;
			children = (
				OBJ_27 /* XCTestManifests.swift */,
				OBJ_28 /* mvvmc_templateTests.swift */,
			);
			name = "mvvmc-templateTests";
			path = "Tests/mvvmc-templateTests";
			sourceTree = SOURCE_ROOT;
		};
		OBJ_29 /* Dependencies */ = {
			isa = PBXGroup;
			children = (
				OBJ_30 /* ShellOut */,
				OBJ_33 /* Files 2.2.1 */,
			);
			name = Dependencies;
			sourceTree = "<group>";
		};
		OBJ_30 /* ShellOut */ = {
			isa = PBXGroup;
			children = (
				OBJ_31 /* Package.swift */,
				OBJ_32 /* ShellOut.swift */,
			);
			name = ShellOut;
			path = ".build/checkouts/ShellOut.git--5288649209435089015/Sources";
			sourceTree = SOURCE_ROOT;
		};
		OBJ_33 /* Files 2.2.1 */ = {
			isa = PBXGroup;
			children = (
				OBJ_34 /* Package.swift */,
				OBJ_35 /* Files.swift */,
			);
			name = "Files 2.2.1";
			path = ".build/checkouts/Files.git--6916869095718727668/Sources";
			sourceTree = SOURCE_ROOT;
		};
		OBJ_36 /* Products */ = {
			isa = PBXGroup;
			children = (
				"mvvmc-template::mvvmc-template::Product" /* mvvmc-template */,
				"mvvmc-template::mvvmc-templateTests::Product" /* mvvmc_templateTests.xctest */,
				"Files::Files::Product" /* Files.framework */,
				"ShellOut::ShellOut::Product" /* ShellOut.framework */,
			);
			name = Products;
			sourceTree = BUILT_PRODUCTS_DIR;
		};
		OBJ_5 /*  */ = {
			isa = PBXGroup;
			children = (
				OBJ_6 /* Package.swift */,
				OBJ_7 /* Sources */,
				OBJ_25 /* Tests */,
				OBJ_29 /* Dependencies */,
				OBJ_36 /* Products */,
			);
			name = "";
			sourceTree = "<group>";
		};
		OBJ_7 /* Sources */ = {
			isa = PBXGroup;
			children = (
				OBJ_8 /* mvvmc-template */,
			);
			name = Sources;
			sourceTree = SOURCE_ROOT;
		};
		OBJ_8 /* mvvmc-template */ = {
			isa = PBXGroup;
			children = (
				OBJ_24 /* main.swift */,
				OBJ_20 /* Usage.swift */,
				F5C22F862224C3E90087A561 /* Command */,
				OBJ_13 /* Template */,
				OBJ_21 /* Util */,
			);
			name = "mvvmc-template";
			path = "Sources/mvvmc-template";
			sourceTree = SOURCE_ROOT;
		};
/* End PBXGroup section */

/* Begin PBXNativeTarget section */
		"Files::Files" /* Files */ = {
			isa = PBXNativeTarget;
			buildConfigurationList = OBJ_42 /* Build configuration list for PBXNativeTarget "Files" */;
			buildPhases = (
				OBJ_45 /* Sources */,
				OBJ_47 /* Frameworks */,
			);
			buildRules = (
			);
			dependencies = (
			);
			name = Files;
			productName = Files;
			productReference = "Files::Files::Product" /* Files.framework */;
			productType = "com.apple.product-type.framework";
		};
		"Files::SwiftPMPackageDescription" /* FilesPackageDescription */ = {
			isa = PBXNativeTarget;
			buildConfigurationList = OBJ_49 /* Build configuration list for PBXNativeTarget "FilesPackageDescription" */;
			buildPhases = (
				OBJ_52 /* Sources */,
			);
			buildRules = (
			);
			dependencies = (
			);
			name = FilesPackageDescription;
			productName = FilesPackageDescription;
			productType = "com.apple.product-type.framework";
		};
		"ShellOut::ShellOut" /* ShellOut */ = {
			isa = PBXNativeTarget;
			buildConfigurationList = OBJ_55 /* Build configuration list for PBXNativeTarget "ShellOut" */;
			buildPhases = (
				OBJ_58 /* Sources */,
				OBJ_60 /* Frameworks */,
			);
			buildRules = (
			);
			dependencies = (
			);
			name = ShellOut;
			productName = ShellOut;
			productReference = "ShellOut::ShellOut::Product" /* ShellOut.framework */;
			productType = "com.apple.product-type.framework";
		};
		"ShellOut::SwiftPMPackageDescription" /* ShellOutPackageDescription */ = {
			isa = PBXNativeTarget;
			buildConfigurationList = OBJ_62 /* Build configuration list for PBXNativeTarget "ShellOutPackageDescription" */;
			buildPhases = (
				OBJ_65 /* Sources */,
			);
			buildRules = (
			);
			dependencies = (
			);
			name = ShellOutPackageDescription;
			productName = ShellOutPackageDescription;
			productType = "com.apple.product-type.framework";
		};
		"mvvmc-template::SwiftPMPackageDescription" /* mvvmc-templatePackageDescription */ = {
			isa = PBXNativeTarget;
			buildConfigurationList = OBJ_92 /* Build configuration list for PBXNativeTarget "mvvmc-templatePackageDescription" */;
			buildPhases = (
				OBJ_95 /* Sources */,
			);
			buildRules = (
			);
			dependencies = (
			);
			name = "mvvmc-templatePackageDescription";
			productName = "mvvmc-templatePackageDescription";
			productType = "com.apple.product-type.framework";
		};
		"mvvmc-template::mvvmc-template" /* mvvmc-template */ = {
			isa = PBXNativeTarget;
			buildConfigurationList = OBJ_68 /* Build configuration list for PBXNativeTarget "mvvmc-template" */;
			buildPhases = (
				OBJ_71 /* Sources */,
				OBJ_86 /* Frameworks */,
			);
			buildRules = (
			);
			dependencies = (
				OBJ_89 /* PBXTargetDependency */,
				OBJ_90 /* PBXTargetDependency */,
			);
			name = "mvvmc-template";
			productName = mvvmc_template;
			productReference = "mvvmc-template::mvvmc-template::Product" /* mvvmc-template */;
			productType = "com.apple.product-type.tool";
		};
		"mvvmc-template::mvvmc-templateTests" /* mvvmc-templateTests */ = {
			isa = PBXNativeTarget;
			buildConfigurationList = OBJ_103 /* Build configuration list for PBXNativeTarget "mvvmc-templateTests" */;
			buildPhases = (
				OBJ_106 /* Sources */,
				OBJ_109 /* Frameworks */,
			);
			buildRules = (
			);
			dependencies = (
				OBJ_112 /* PBXTargetDependency */,
				OBJ_113 /* PBXTargetDependency */,
				OBJ_114 /* PBXTargetDependency */,
			);
			name = "mvvmc-templateTests";
			productName = mvvmc_templateTests;
			productReference = "mvvmc-template::mvvmc-templateTests::Product" /* mvvmc_templateTests.xctest */;
			productType = "com.apple.product-type.bundle.unit-test";
		};
/* End PBXNativeTarget section */

/* Begin PBXProject section */
		OBJ_1 /* Project object */ = {
			isa = PBXProject;
			attributes = {
				LastUpgradeCheck = 9999;
			};
			buildConfigurationList = OBJ_2 /* Build configuration list for PBXProject "mvvmc-template" */;
			compatibilityVersion = "Xcode 3.2";
			developmentRegion = English;
			hasScannedForEncodings = 0;
			knownRegions = (
				en,
			);
			mainGroup = OBJ_5 /*  */;
			productRefGroup = OBJ_36 /* Products */;
			projectDirPath = "";
			projectRoot = "";
			targets = (
				"Files::Files" /* Files */,
				"Files::SwiftPMPackageDescription" /* FilesPackageDescription */,
				"ShellOut::ShellOut" /* ShellOut */,
				"ShellOut::SwiftPMPackageDescription" /* ShellOutPackageDescription */,
				"mvvmc-template::mvvmc-template" /* mvvmc-template */,
				"mvvmc-template::SwiftPMPackageDescription" /* mvvmc-templatePackageDescription */,
				"mvvmc-template::mvvmc-templatePackageTests::ProductTarget" /* mvvmc-templatePackageTests */,
				"mvvmc-template::mvvmc-templateTests" /* mvvmc-templateTests */,
			);
		};
/* End PBXProject section */

/* Begin PBXSourcesBuildPhase section */
		OBJ_106 /* Sources */ = {
			isa = PBXSourcesBuildPhase;
			buildActionMask = 0;
			files = (
				OBJ_107 /* XCTestManifests.swift in Sources */,
				OBJ_108 /* mvvmc_templateTests.swift in Sources */,
			);
			runOnlyForDeploymentPostprocessing = 0;
		};
		OBJ_45 /* Sources */ = {
			isa = PBXSourcesBuildPhase;
			buildActionMask = 0;
			files = (
				OBJ_46 /* Files.swift in Sources */,
			);
			runOnlyForDeploymentPostprocessing = 0;
		};
		OBJ_52 /* Sources */ = {
			isa = PBXSourcesBuildPhase;
			buildActionMask = 0;
			files = (
				OBJ_53 /* Package.swift in Sources */,
			);
			runOnlyForDeploymentPostprocessing = 0;
		};
		OBJ_58 /* Sources */ = {
			isa = PBXSourcesBuildPhase;
			buildActionMask = 0;
			files = (
				OBJ_59 /* ShellOut.swift in Sources */,
			);
			runOnlyForDeploymentPostprocessing = 0;
		};
		OBJ_65 /* Sources */ = {
			isa = PBXSourcesBuildPhase;
			buildActionMask = 0;
			files = (
				OBJ_66 /* Package.swift in Sources */,
			);
			runOnlyForDeploymentPostprocessing = 0;
		};
		OBJ_71 /* Sources */ = {
			isa = PBXSourcesBuildPhase;
			buildActionMask = 0;
			files = (
				OBJ_72 /* Command.swift in Sources */,
				OBJ_73 /* CommandInterpreter.swift in Sources */,
				OBJ_74 /* CommandParser.swift in Sources */,
				OBJ_75 /* Execute.swift in Sources */,
				OBJ_76 /* CoordinatorTemplate.swift in Sources */,
				OBJ_77 /* CoordinatorTestsTemplate.swift in Sources */,
				OBJ_78 /* ModelTemplate.swift in Sources */,
				OBJ_79 /* Template.swift in Sources */,
				OBJ_80 /* ViewControllerTemplate.swift in Sources */,
				OBJ_81 /* ViewModelTemplate.swift in Sources */,
				OBJ_82 /* Usage.swift in Sources */,
				OBJ_83 /* CommandLine.swift in Sources */,
				OBJ_84 /* Result.swift in Sources */,
				OBJ_85 /* main.swift in Sources */,
			);
			runOnlyForDeploymentPostprocessing = 0;
		};
		OBJ_95 /* Sources */ = {
			isa = PBXSourcesBuildPhase;
			buildActionMask = 0;
			files = (
				OBJ_96 /* Package.swift in Sources */,
			);
			runOnlyForDeploymentPostprocessing = 0;
		};
/* End PBXSourcesBuildPhase section */

/* Begin PBXTargetDependency section */
		OBJ_101 /* PBXTargetDependency */ = {
			isa = PBXTargetDependency;
			target = "mvvmc-template::mvvmc-templateTests" /* mvvmc-templateTests */;
			targetProxy = F5C22F852224C3CF0087A561 /* PBXContainerItemProxy */;
		};
		OBJ_112 /* PBXTargetDependency */ = {
			isa = PBXTargetDependency;
			target = "mvvmc-template::mvvmc-template" /* mvvmc-template */;
			targetProxy = F5C22F822224C3CD0087A561 /* PBXContainerItemProxy */;
		};
		OBJ_113 /* PBXTargetDependency */ = {
			isa = PBXTargetDependency;
			target = "ShellOut::ShellOut" /* ShellOut */;
			targetProxy = F5C22F832224C3CD0087A561 /* PBXContainerItemProxy */;
		};
		OBJ_114 /* PBXTargetDependency */ = {
			isa = PBXTargetDependency;
			target = "Files::Files" /* Files */;
			targetProxy = F5C22F842224C3CD0087A561 /* PBXContainerItemProxy */;
		};
		OBJ_89 /* PBXTargetDependency */ = {
			isa = PBXTargetDependency;
			target = "ShellOut::ShellOut" /* ShellOut */;
			targetProxy = F5C22F802224C3CD0087A561 /* PBXContainerItemProxy */;
		};
		OBJ_90 /* PBXTargetDependency */ = {
			isa = PBXTargetDependency;
			target = "Files::Files" /* Files */;
			targetProxy = F5C22F812224C3CD0087A561 /* PBXContainerItemProxy */;
		};
/* End PBXTargetDependency section */

/* Begin XCBuildConfiguration section */
		OBJ_100 /* Release */ = {
			isa = XCBuildConfiguration;
			buildSettings = {
			};
			name = Release;
		};
		OBJ_104 /* Debug */ = {
			isa = XCBuildConfiguration;
			buildSettings = {
				CLANG_ENABLE_MODULES = YES;
				EMBEDDED_CONTENT_CONTAINS_SWIFT = YES;
				FRAMEWORK_SEARCH_PATHS = (
					"$(inherited)",
					"$(PLATFORM_DIR)/Developer/Library/Frameworks",
				);
				HEADER_SEARCH_PATHS = "$(inherited)";
				INFOPLIST_FILE = "mvvmc-template.xcodeproj/mvvmc_templateTests_Info.plist";
				LD_RUNPATH_SEARCH_PATHS = "$(inherited) @loader_path/../Frameworks @loader_path/Frameworks";
				OTHER_CFLAGS = "$(inherited)";
				OTHER_LDFLAGS = "$(inherited)";
				OTHER_SWIFT_FLAGS = "$(inherited)";
				SWIFT_ACTIVE_COMPILATION_CONDITIONS = "$(inherited)";
				SWIFT_VERSION = 4.2;
				TARGET_NAME = "mvvmc-templateTests";
			};
			name = Debug;
		};
		OBJ_105 /* Release */ = {
			isa = XCBuildConfiguration;
			buildSettings = {
				CLANG_ENABLE_MODULES = YES;
				EMBEDDED_CONTENT_CONTAINS_SWIFT = YES;
				FRAMEWORK_SEARCH_PATHS = (
					"$(inherited)",
					"$(PLATFORM_DIR)/Developer/Library/Frameworks",
				);
				HEADER_SEARCH_PATHS = "$(inherited)";
				INFOPLIST_FILE = "mvvmc-template.xcodeproj/mvvmc_templateTests_Info.plist";
				LD_RUNPATH_SEARCH_PATHS = "$(inherited) @loader_path/../Frameworks @loader_path/Frameworks";
				OTHER_CFLAGS = "$(inherited)";
				OTHER_LDFLAGS = "$(inherited)";
				OTHER_SWIFT_FLAGS = "$(inherited)";
				SWIFT_ACTIVE_COMPILATION_CONDITIONS = "$(inherited)";
				SWIFT_VERSION = 4.2;
				TARGET_NAME = "mvvmc-templateTests";
			};
			name = Release;
		};
		OBJ_3 /* Debug */ = {
			isa = XCBuildConfiguration;
			buildSettings = {
				CLANG_ENABLE_OBJC_ARC = YES;
				COMBINE_HIDPI_IMAGES = YES;
				COPY_PHASE_STRIP = NO;
				DEBUG_INFORMATION_FORMAT = dwarf;
				DYLIB_INSTALL_NAME_BASE = "@rpath";
				ENABLE_NS_ASSERTIONS = YES;
				GCC_OPTIMIZATION_LEVEL = 0;
				GCC_PREPROCESSOR_DEFINITIONS = (
					"DEBUG=1",
					"$(inherited)",
				);
				MACOSX_DEPLOYMENT_TARGET = 10.10;
				ONLY_ACTIVE_ARCH = YES;
				OTHER_SWIFT_FLAGS = "-DXcode";
				PRODUCT_NAME = "$(TARGET_NAME)";
				SDKROOT = macosx;
				SUPPORTED_PLATFORMS = "macosx iphoneos iphonesimulator appletvos appletvsimulator watchos watchsimulator";
				SWIFT_ACTIVE_COMPILATION_CONDITIONS = "SWIFT_PACKAGE DEBUG";
				SWIFT_OPTIMIZATION_LEVEL = "-Onone";
				USE_HEADERMAP = NO;
			};
			name = Debug;
		};
		OBJ_4 /* Release */ = {
			isa = XCBuildConfiguration;
			buildSettings = {
				CLANG_ENABLE_OBJC_ARC = YES;
				COMBINE_HIDPI_IMAGES = YES;
				COPY_PHASE_STRIP = YES;
				DEBUG_INFORMATION_FORMAT = "dwarf-with-dsym";
				DYLIB_INSTALL_NAME_BASE = "@rpath";
				GCC_OPTIMIZATION_LEVEL = s;
				MACOSX_DEPLOYMENT_TARGET = 10.10;
				OTHER_SWIFT_FLAGS = "-DXcode";
				PRODUCT_NAME = "$(TARGET_NAME)";
				SDKROOT = macosx;
				SUPPORTED_PLATFORMS = "macosx iphoneos iphonesimulator appletvos appletvsimulator watchos watchsimulator";
				SWIFT_ACTIVE_COMPILATION_CONDITIONS = SWIFT_PACKAGE;
				SWIFT_OPTIMIZATION_LEVEL = "-Owholemodule";
				USE_HEADERMAP = NO;
			};
			name = Release;
		};
		OBJ_43 /* Debug */ = {
			isa = XCBuildConfiguration;
			buildSettings = {
				ENABLE_TESTABILITY = YES;
				FRAMEWORK_SEARCH_PATHS = (
					"$(inherited)",
					"$(PLATFORM_DIR)/Developer/Library/Frameworks",
				);
				HEADER_SEARCH_PATHS = "$(inherited)";
				INFOPLIST_FILE = "mvvmc-template.xcodeproj/Files_Info.plist";
				LD_RUNPATH_SEARCH_PATHS = "$(inherited) $(TOOLCHAIN_DIR)/usr/lib/swift/macosx";
				OTHER_CFLAGS = "$(inherited)";
				OTHER_LDFLAGS = "$(inherited)";
				OTHER_SWIFT_FLAGS = "$(inherited)";
				PRODUCT_BUNDLE_IDENTIFIER = Files;
				PRODUCT_MODULE_NAME = "$(TARGET_NAME:c99extidentifier)";
				PRODUCT_NAME = "$(TARGET_NAME:c99extidentifier)";
				SKIP_INSTALL = YES;
				SWIFT_ACTIVE_COMPILATION_CONDITIONS = "$(inherited)";
				SWIFT_VERSION = 4.0;
				TARGET_NAME = Files;
			};
			name = Debug;
		};
		OBJ_44 /* Release */ = {
			isa = XCBuildConfiguration;
			buildSettings = {
				ENABLE_TESTABILITY = YES;
				FRAMEWORK_SEARCH_PATHS = (
					"$(inherited)",
					"$(PLATFORM_DIR)/Developer/Library/Frameworks",
				);
				HEADER_SEARCH_PATHS = "$(inherited)";
				INFOPLIST_FILE = "mvvmc-template.xcodeproj/Files_Info.plist";
				LD_RUNPATH_SEARCH_PATHS = "$(inherited) $(TOOLCHAIN_DIR)/usr/lib/swift/macosx";
				OTHER_CFLAGS = "$(inherited)";
				OTHER_LDFLAGS = "$(inherited)";
				OTHER_SWIFT_FLAGS = "$(inherited)";
				PRODUCT_BUNDLE_IDENTIFIER = Files;
				PRODUCT_MODULE_NAME = "$(TARGET_NAME:c99extidentifier)";
				PRODUCT_NAME = "$(TARGET_NAME:c99extidentifier)";
				SKIP_INSTALL = YES;
				SWIFT_ACTIVE_COMPILATION_CONDITIONS = "$(inherited)";
				SWIFT_VERSION = 4.0;
				TARGET_NAME = Files;
			};
			name = Release;
		};
		OBJ_50 /* Debug */ = {
			isa = XCBuildConfiguration;
			buildSettings = {
				LD = /usr/bin/true;
				OTHER_SWIFT_FLAGS = "-swift-version 4 -I $(TOOLCHAIN_DIR)/usr/lib/swift/pm/4 -target x86_64-apple-macosx10.10 -sdk /Applications/Xcode.app/Contents/Developer/Platforms/MacOSX.platform/Developer/SDKs/MacOSX10.14.sdk";
				SWIFT_VERSION = 4.0;
			};
			name = Debug;
		};
		OBJ_51 /* Release */ = {
			isa = XCBuildConfiguration;
			buildSettings = {
				LD = /usr/bin/true;
				OTHER_SWIFT_FLAGS = "-swift-version 4 -I $(TOOLCHAIN_DIR)/usr/lib/swift/pm/4 -target x86_64-apple-macosx10.10 -sdk /Applications/Xcode.app/Contents/Developer/Platforms/MacOSX.platform/Developer/SDKs/MacOSX10.14.sdk";
				SWIFT_VERSION = 4.0;
			};
			name = Release;
		};
		OBJ_56 /* Debug */ = {
			isa = XCBuildConfiguration;
			buildSettings = {
				ENABLE_TESTABILITY = YES;
				FRAMEWORK_SEARCH_PATHS = (
					"$(inherited)",
					"$(PLATFORM_DIR)/Developer/Library/Frameworks",
				);
				HEADER_SEARCH_PATHS = "$(inherited)";
				INFOPLIST_FILE = "mvvmc-template.xcodeproj/ShellOut_Info.plist";
				LD_RUNPATH_SEARCH_PATHS = "$(inherited) $(TOOLCHAIN_DIR)/usr/lib/swift/macosx";
				OTHER_CFLAGS = "$(inherited)";
				OTHER_LDFLAGS = "$(inherited)";
				OTHER_SWIFT_FLAGS = "$(inherited)";
				PRODUCT_BUNDLE_IDENTIFIER = ShellOut;
				PRODUCT_MODULE_NAME = "$(TARGET_NAME:c99extidentifier)";
				PRODUCT_NAME = "$(TARGET_NAME:c99extidentifier)";
				SKIP_INSTALL = YES;
				SWIFT_ACTIVE_COMPILATION_CONDITIONS = "$(inherited)";
				SWIFT_VERSION = 4.2;
				TARGET_NAME = ShellOut;
			};
			name = Debug;
		};
		OBJ_57 /* Release */ = {
			isa = XCBuildConfiguration;
			buildSettings = {
				ENABLE_TESTABILITY = YES;
				FRAMEWORK_SEARCH_PATHS = (
					"$(inherited)",
					"$(PLATFORM_DIR)/Developer/Library/Frameworks",
				);
				HEADER_SEARCH_PATHS = "$(inherited)";
				INFOPLIST_FILE = "mvvmc-template.xcodeproj/ShellOut_Info.plist";
				LD_RUNPATH_SEARCH_PATHS = "$(inherited) $(TOOLCHAIN_DIR)/usr/lib/swift/macosx";
				OTHER_CFLAGS = "$(inherited)";
				OTHER_LDFLAGS = "$(inherited)";
				OTHER_SWIFT_FLAGS = "$(inherited)";
				PRODUCT_BUNDLE_IDENTIFIER = ShellOut;
				PRODUCT_MODULE_NAME = "$(TARGET_NAME:c99extidentifier)";
				PRODUCT_NAME = "$(TARGET_NAME:c99extidentifier)";
				SKIP_INSTALL = YES;
				SWIFT_ACTIVE_COMPILATION_CONDITIONS = "$(inherited)";
				SWIFT_VERSION = 4.2;
				TARGET_NAME = ShellOut;
			};
			name = Release;
		};
		OBJ_63 /* Debug */ = {
			isa = XCBuildConfiguration;
			buildSettings = {
				LD = /usr/bin/true;
				OTHER_SWIFT_FLAGS = "-swift-version 4.2 -I $(TOOLCHAIN_DIR)/usr/lib/swift/pm/4_2 -target x86_64-apple-macosx10.10 -sdk /Applications/Xcode.app/Contents/Developer/Platforms/MacOSX.platform/Developer/SDKs/MacOSX10.14.sdk";
				SWIFT_VERSION = 4.2;
			};
			name = Debug;
		};
		OBJ_64 /* Release */ = {
			isa = XCBuildConfiguration;
			buildSettings = {
				LD = /usr/bin/true;
				OTHER_SWIFT_FLAGS = "-swift-version 4.2 -I $(TOOLCHAIN_DIR)/usr/lib/swift/pm/4_2 -target x86_64-apple-macosx10.10 -sdk /Applications/Xcode.app/Contents/Developer/Platforms/MacOSX.platform/Developer/SDKs/MacOSX10.14.sdk";
				SWIFT_VERSION = 4.2;
			};
			name = Release;
		};
		OBJ_69 /* Debug */ = {
			isa = XCBuildConfiguration;
			buildSettings = {
				FRAMEWORK_SEARCH_PATHS = (
					"$(inherited)",
					"$(PLATFORM_DIR)/Developer/Library/Frameworks",
				);
				HEADER_SEARCH_PATHS = "$(inherited)";
				INFOPLIST_FILE = "mvvmc-template.xcodeproj/mvvmc_template_Info.plist";
				LD_RUNPATH_SEARCH_PATHS = "$(inherited) $(TOOLCHAIN_DIR)/usr/lib/swift/macosx @executable_path";
				OTHER_CFLAGS = "$(inherited)";
				OTHER_LDFLAGS = "$(inherited)";
				OTHER_SWIFT_FLAGS = "$(inherited)";
				SWIFT_ACTIVE_COMPILATION_CONDITIONS = "$(inherited)";
				SWIFT_FORCE_DYNAMIC_LINK_STDLIB = YES;
				SWIFT_FORCE_STATIC_LINK_STDLIB = NO;
				SWIFT_VERSION = 4.2;
				TARGET_NAME = "mvvmc-template";
			};
			name = Debug;
		};
		OBJ_70 /* Release */ = {
			isa = XCBuildConfiguration;
			buildSettings = {
				FRAMEWORK_SEARCH_PATHS = (
					"$(inherited)",
					"$(PLATFORM_DIR)/Developer/Library/Frameworks",
				);
				HEADER_SEARCH_PATHS = "$(inherited)";
				INFOPLIST_FILE = "mvvmc-template.xcodeproj/mvvmc_template_Info.plist";
				LD_RUNPATH_SEARCH_PATHS = "$(inherited) $(TOOLCHAIN_DIR)/usr/lib/swift/macosx @executable_path";
				OTHER_CFLAGS = "$(inherited)";
				OTHER_LDFLAGS = "$(inherited)";
				OTHER_SWIFT_FLAGS = "$(inherited)";
				SWIFT_ACTIVE_COMPILATION_CONDITIONS = "$(inherited)";
				SWIFT_FORCE_DYNAMIC_LINK_STDLIB = YES;
				SWIFT_FORCE_STATIC_LINK_STDLIB = NO;
				SWIFT_VERSION = 4.2;
				TARGET_NAME = "mvvmc-template";
			};
			name = Release;
		};
		OBJ_93 /* Debug */ = {
			isa = XCBuildConfiguration;
			buildSettings = {
				LD = /usr/bin/true;
				OTHER_SWIFT_FLAGS = "-swift-version 4.2 -I $(TOOLCHAIN_DIR)/usr/lib/swift/pm/4_2 -target x86_64-apple-macosx10.10 -sdk /Applications/Xcode.app/Contents/Developer/Platforms/MacOSX.platform/Developer/SDKs/MacOSX10.14.sdk";
				SWIFT_VERSION = 4.2;
			};
			name = Debug;
		};
		OBJ_94 /* Release */ = {
			isa = XCBuildConfiguration;
			buildSettings = {
				LD = /usr/bin/true;
				OTHER_SWIFT_FLAGS = "-swift-version 4.2 -I $(TOOLCHAIN_DIR)/usr/lib/swift/pm/4_2 -target x86_64-apple-macosx10.10 -sdk /Applications/Xcode.app/Contents/Developer/Platforms/MacOSX.platform/Developer/SDKs/MacOSX10.14.sdk";
				SWIFT_VERSION = 4.2;
			};
			name = Release;
		};
		OBJ_99 /* Debug */ = {
			isa = XCBuildConfiguration;
			buildSettings = {
			};
			name = Debug;
		};
/* End XCBuildConfiguration section */

/* Begin XCConfigurationList section */
		OBJ_103 /* Build configuration list for PBXNativeTarget "mvvmc-templateTests" */ = {
			isa = XCConfigurationList;
			buildConfigurations = (
				OBJ_104 /* Debug */,
				OBJ_105 /* Release */,
			);
			defaultConfigurationIsVisible = 0;
			defaultConfigurationName = Release;
		};
		OBJ_2 /* Build configuration list for PBXProject "mvvmc-template" */ = {
			isa = XCConfigurationList;
			buildConfigurations = (
				OBJ_3 /* Debug */,
				OBJ_4 /* Release */,
			);
			defaultConfigurationIsVisible = 0;
			defaultConfigurationName = Release;
		};
		OBJ_42 /* Build configuration list for PBXNativeTarget "Files" */ = {
			isa = XCConfigurationList;
			buildConfigurations = (
				OBJ_43 /* Debug */,
				OBJ_44 /* Release */,
			);
			defaultConfigurationIsVisible = 0;
			defaultConfigurationName = Release;
		};
		OBJ_49 /* Build configuration list for PBXNativeTarget "FilesPackageDescription" */ = {
			isa = XCConfigurationList;
			buildConfigurations = (
				OBJ_50 /* Debug */,
				OBJ_51 /* Release */,
			);
			defaultConfigurationIsVisible = 0;
			defaultConfigurationName = Release;
		};
		OBJ_55 /* Build configuration list for PBXNativeTarget "ShellOut" */ = {
			isa = XCConfigurationList;
			buildConfigurations = (
				OBJ_56 /* Debug */,
				OBJ_57 /* Release */,
			);
			defaultConfigurationIsVisible = 0;
			defaultConfigurationName = Release;
		};
		OBJ_62 /* Build configuration list for PBXNativeTarget "ShellOutPackageDescription" */ = {
			isa = XCConfigurationList;
			buildConfigurations = (
				OBJ_63 /* Debug */,
				OBJ_64 /* Release */,
			);
			defaultConfigurationIsVisible = 0;
			defaultConfigurationName = Release;
		};
		OBJ_68 /* Build configuration list for PBXNativeTarget "mvvmc-template" */ = {
			isa = XCConfigurationList;
			buildConfigurations = (
				OBJ_69 /* Debug */,
				OBJ_70 /* Release */,
			);
			defaultConfigurationIsVisible = 0;
			defaultConfigurationName = Release;
		};
		OBJ_92 /* Build configuration list for PBXNativeTarget "mvvmc-templatePackageDescription" */ = {
			isa = XCConfigurationList;
			buildConfigurations = (
				OBJ_93 /* Debug */,
				OBJ_94 /* Release */,
			);
			defaultConfigurationIsVisible = 0;
			defaultConfigurationName = Release;
		};
		OBJ_98 /* Build configuration list for PBXAggregateTarget "mvvmc-templatePackageTests" */ = {
			isa = XCConfigurationList;
			buildConfigurations = (
				OBJ_99 /* Debug */,
				OBJ_100 /* Release */,
			);
			defaultConfigurationIsVisible = 0;
			defaultConfigurationName = Release;
		};
/* End XCConfigurationList section */
	};
	rootObject = OBJ_1 /* Project object */;
}
