// !$*UTF8*$!
{
   archiveVersion = "1";
   objectVersion = "46";
   objects = {
      "Files::Files" = {
         isa = "PBXNativeTarget";
         buildConfigurationList = "OBJ_44";
         buildPhases = (
            "OBJ_47",
            "OBJ_49"
         );
         dependencies = (
         );
         name = "Files";
         productName = "Files";
         productReference = "Files::Files::Product";
         productType = "com.apple.product-type.framework";
      };
      "Files::Files::Product" = {
         isa = "PBXFileReference";
         path = "Files.framework";
         sourceTree = "BUILT_PRODUCTS_DIR";
      };
      "Files::SwiftPMPackageDescription" = {
         isa = "PBXNativeTarget";
         buildConfigurationList = "OBJ_51";
         buildPhases = (
            "OBJ_54"
         );
         dependencies = (
         );
         name = "FilesPackageDescription";
         productName = "FilesPackageDescription";
         productType = "com.apple.product-type.framework";
      };
      "OBJ_1" = {
         isa = "PBXProject";
         attributes = {
            LastUpgradeCheck = "9999";
         };
         buildConfigurationList = "OBJ_2";
         compatibilityVersion = "Xcode 3.2";
         developmentRegion = "English";
         hasScannedForEncodings = "0";
         knownRegions = (
            "en"
         );
         mainGroup = "OBJ_5";
         productRefGroup = "OBJ_38";
         projectDirPath = ".";
         targets = (
            "Files::Files",
            "Files::SwiftPMPackageDescription",
            "ShellOut::ShellOut",
            "ShellOut::SwiftPMPackageDescription",
            "mvvmc-template::mvvmc-template",
            "mvvmc-template::SwiftPMPackageDescription",
            "mvvmc-template::mvvmc-templatePackageTests::ProductTarget",
            "mvvmc-template::mvvmc-templateTests"
         );
      };
      "OBJ_10" = {
         isa = "PBXFileReference";
         path = "Command.swift";
         sourceTree = "<group>";
      };
      "OBJ_101" = {
         isa = "XCConfigurationList";
         buildConfigurations = (
            "OBJ_102",
            "OBJ_103"
         );
         defaultConfigurationIsVisible = "0";
         defaultConfigurationName = "Release";
      };
      "OBJ_102" = {
         isa = "XCBuildConfiguration";
         buildSettings = {
         };
         name = "Debug";
      };
      "OBJ_103" = {
         isa = "XCBuildConfiguration";
         buildSettings = {
         };
         name = "Release";
      };
      "OBJ_104" = {
         isa = "PBXTargetDependency";
         target = "mvvmc-template::mvvmc-templateTests";
      };
      "OBJ_106" = {
         isa = "XCConfigurationList";
         buildConfigurations = (
            "OBJ_107",
            "OBJ_108"
         );
         defaultConfigurationIsVisible = "0";
         defaultConfigurationName = "Release";
      };
      "OBJ_107" = {
         isa = "XCBuildConfiguration";
         buildSettings = {
            CLANG_ENABLE_MODULES = "YES";
            EMBEDDED_CONTENT_CONTAINS_SWIFT = "YES";
            FRAMEWORK_SEARCH_PATHS = (
               "$(inherited)",
               "$(PLATFORM_DIR)/Developer/Library/Frameworks"
            );
            HEADER_SEARCH_PATHS = (
               "$(inherited)"
            );
            INFOPLIST_FILE = "mvvmc-template.xcodeproj/mvvmc_templateTests_Info.plist";
            LD_RUNPATH_SEARCH_PATHS = (
               "$(inherited)",
               "@loader_path/../Frameworks",
               "@loader_path/Frameworks"
            );
            OTHER_CFLAGS = (
               "$(inherited)"
            );
            OTHER_LDFLAGS = (
               "$(inherited)"
            );
            OTHER_SWIFT_FLAGS = (
               "$(inherited)"
            );
            SWIFT_ACTIVE_COMPILATION_CONDITIONS = (
               "$(inherited)"
            );
            SWIFT_VERSION = "4.2";
            TARGET_NAME = "mvvmc-templateTests";
         };
         name = "Debug";
      };
      "OBJ_108" = {
         isa = "XCBuildConfiguration";
         buildSettings = {
            CLANG_ENABLE_MODULES = "YES";
            EMBEDDED_CONTENT_CONTAINS_SWIFT = "YES";
            FRAMEWORK_SEARCH_PATHS = (
               "$(inherited)",
               "$(PLATFORM_DIR)/Developer/Library/Frameworks"
            );
            HEADER_SEARCH_PATHS = (
               "$(inherited)"
            );
            INFOPLIST_FILE = "mvvmc-template.xcodeproj/mvvmc_templateTests_Info.plist";
            LD_RUNPATH_SEARCH_PATHS = (
               "$(inherited)",
               "@loader_path/../Frameworks",
               "@loader_path/Frameworks"
            );
            OTHER_CFLAGS = (
               "$(inherited)"
            );
            OTHER_LDFLAGS = (
               "$(inherited)"
            );
            OTHER_SWIFT_FLAGS = (
               "$(inherited)"
            );
            SWIFT_ACTIVE_COMPILATION_CONDITIONS = (
               "$(inherited)"
            );
            SWIFT_VERSION = "4.2";
            TARGET_NAME = "mvvmc-templateTests";
         };
         name = "Release";
      };
      "OBJ_109" = {
         isa = "PBXSourcesBuildPhase";
         files = (
            "OBJ_110",
            "OBJ_111"
         );
      };
      "OBJ_11" = {
         isa = "PBXFileReference";
         path = "CommandInterpreter.swift";
         sourceTree = "<group>";
      };
      "OBJ_110" = {
         isa = "PBXBuildFile";
         fileRef = "OBJ_29";
      };
      "OBJ_111" = {
         isa = "PBXBuildFile";
         fileRef = "OBJ_30";
      };
      "OBJ_112" = {
         isa = "PBXFrameworksBuildPhase";
         files = (
            "OBJ_113",
            "OBJ_114"
         );
      };
      "OBJ_113" = {
         isa = "PBXBuildFile";
         fileRef = "ShellOut::ShellOut::Product";
      };
      "OBJ_114" = {
         isa = "PBXBuildFile";
         fileRef = "Files::Files::Product";
      };
      "OBJ_115" = {
         isa = "PBXTargetDependency";
         target = "mvvmc-template::mvvmc-template";
      };
      "OBJ_116" = {
         isa = "PBXTargetDependency";
         target = "ShellOut::ShellOut";
      };
      "OBJ_117" = {
         isa = "PBXTargetDependency";
         target = "Files::Files";
      };
      "OBJ_12" = {
         isa = "PBXFileReference";
         path = "CommandParser.swift";
         sourceTree = "<group>";
      };
      "OBJ_13" = {
         isa = "PBXFileReference";
         path = "Execute.swift";
         sourceTree = "<group>";
      };
      "OBJ_14" = {
         isa = "PBXGroup";
         children = (
            "OBJ_15",
            "OBJ_16",
            "OBJ_17",
            "OBJ_18",
            "OBJ_19",
            "OBJ_20",
            "OBJ_21"
         );
         name = "Template";
         path = "Template";
         sourceTree = "<group>";
      };
      "OBJ_15" = {
         isa = "PBXFileReference";
         path = "CoordinatorTemplate.swift";
         sourceTree = "<group>";
      };
      "OBJ_16" = {
         isa = "PBXFileReference";
         path = "CoordinatorTestsTemplate.swift";
         sourceTree = "<group>";
      };
      "OBJ_17" = {
         isa = "PBXFileReference";
         path = "HeaderTemplate.swift";
         sourceTree = "<group>";
      };
      "OBJ_18" = {
         isa = "PBXFileReference";
         path = "ModelTemplate.swift";
         sourceTree = "<group>";
      };
      "OBJ_19" = {
         isa = "PBXFileReference";
         path = "Template.swift";
         sourceTree = "<group>";
      };
      "OBJ_2" = {
         isa = "XCConfigurationList";
         buildConfigurations = (
            "OBJ_3",
            "OBJ_4"
         );
         defaultConfigurationIsVisible = "0";
         defaultConfigurationName = "Release";
      };
      "OBJ_20" = {
         isa = "PBXFileReference";
         path = "ViewControllerTemplate.swift";
         sourceTree = "<group>";
      };
      "OBJ_21" = {
         isa = "PBXFileReference";
         path = "ViewModelTemplate.swift";
         sourceTree = "<group>";
      };
      "OBJ_22" = {
         isa = "PBXFileReference";
         path = "Usage.swift";
         sourceTree = "<group>";
      };
      "OBJ_23" = {
         isa = "PBXGroup";
         children = (
            "OBJ_24",
            "OBJ_25"
         );
         name = "Util";
         path = "Util";
         sourceTree = "<group>";
      };
      "OBJ_24" = {
         isa = "PBXFileReference";
         path = "CommandLine.swift";
         sourceTree = "<group>";
      };
      "OBJ_25" = {
         isa = "PBXFileReference";
         path = "Result.swift";
         sourceTree = "<group>";
      };
      "OBJ_26" = {
         isa = "PBXFileReference";
         path = "main.swift";
         sourceTree = "<group>";
      };
      "OBJ_27" = {
         isa = "PBXGroup";
         children = (
            "OBJ_28"
         );
         name = "Tests";
         path = "";
         sourceTree = "SOURCE_ROOT";
      };
      "OBJ_28" = {
         isa = "PBXGroup";
         children = (
            "OBJ_29",
            "OBJ_30"
         );
         name = "mvvmc-templateTests";
         path = "Tests/mvvmc-templateTests";
         sourceTree = "SOURCE_ROOT";
      };
      "OBJ_29" = {
         isa = "PBXFileReference";
         path = "XCTestManifests.swift";
         sourceTree = "<group>";
      };
      "OBJ_3" = {
         isa = "XCBuildConfiguration";
         buildSettings = {
            CLANG_ENABLE_OBJC_ARC = "YES";
            COMBINE_HIDPI_IMAGES = "YES";
            COPY_PHASE_STRIP = "NO";
            DEBUG_INFORMATION_FORMAT = "dwarf";
            DYLIB_INSTALL_NAME_BASE = "@rpath";
            ENABLE_NS_ASSERTIONS = "YES";
            GCC_OPTIMIZATION_LEVEL = "0";
            GCC_PREPROCESSOR_DEFINITIONS = (
               "DEBUG=1",
               "$(inherited)"
            );
            MACOSX_DEPLOYMENT_TARGET = "10.10";
            ONLY_ACTIVE_ARCH = "YES";
            OTHER_SWIFT_FLAGS = (
               "-DXcode"
            );
            PRODUCT_NAME = "$(TARGET_NAME)";
            SDKROOT = "macosx";
            SUPPORTED_PLATFORMS = (
               "macosx",
               "iphoneos",
               "iphonesimulator",
               "appletvos",
               "appletvsimulator",
               "watchos",
               "watchsimulator"
            );
            SWIFT_ACTIVE_COMPILATION_CONDITIONS = (
               "SWIFT_PACKAGE",
               "DEBUG"
            );
            SWIFT_OPTIMIZATION_LEVEL = "-Onone";
            USE_HEADERMAP = "NO";
         };
         name = "Debug";
      };
      "OBJ_30" = {
         isa = "PBXFileReference";
         path = "mvvmc_templateTests.swift";
         sourceTree = "<group>";
      };
      "OBJ_31" = {
         isa = "PBXGroup";
         children = (
            "OBJ_32",
            "OBJ_35"
         );
         name = "Dependencies";
         path = "";
         sourceTree = "<group>";
      };
      "OBJ_32" = {
         isa = "PBXGroup";
         children = (
            "OBJ_33",
            "OBJ_34"
         );
         name = "ShellOut";
         path = ".build/checkouts/ShellOut.git--5288649209435089015/Sources";
         sourceTree = "SOURCE_ROOT";
      };
      "OBJ_33" = {
         isa = "PBXFileReference";
         explicitFileType = "sourcecode.swift";
         name = "Package.swift";
         path = "/Users/jp21362/workspace/private/MVVMC-template/.build/checkouts/ShellOut.git--5288649209435089015/Package.swift";
         sourceTree = "<group>";
      };
      "OBJ_34" = {
         isa = "PBXFileReference";
         path = "ShellOut.swift";
         sourceTree = "<group>";
      };
      "OBJ_35" = {
         isa = "PBXGroup";
         children = (
            "OBJ_36",
            "OBJ_37"
         );
         name = "Files 2.2.1";
         path = ".build/checkouts/Files.git--6916869095718727668/Sources";
         sourceTree = "SOURCE_ROOT";
      };
      "OBJ_36" = {
         isa = "PBXFileReference";
         explicitFileType = "sourcecode.swift";
         name = "Package.swift";
         path = "/Users/jp21362/workspace/private/MVVMC-template/.build/checkouts/Files.git--6916869095718727668/Package.swift";
         sourceTree = "<group>";
      };
      "OBJ_37" = {
         isa = "PBXFileReference";
         path = "Files.swift";
         sourceTree = "<group>";
      };
      "OBJ_38" = {
         isa = "PBXGroup";
         children = (
            "mvvmc-template::mvvmc-template::Product",
            "mvvmc-template::mvvmc-templateTests::Product",
            "ShellOut::ShellOut::Product",
            "Files::Files::Product"
         );
         name = "Products";
         path = "";
         sourceTree = "BUILT_PRODUCTS_DIR";
      };
      "OBJ_4" = {
         isa = "XCBuildConfiguration";
         buildSettings = {
            CLANG_ENABLE_OBJC_ARC = "YES";
            COMBINE_HIDPI_IMAGES = "YES";
            COPY_PHASE_STRIP = "YES";
            DEBUG_INFORMATION_FORMAT = "dwarf-with-dsym";
            DYLIB_INSTALL_NAME_BASE = "@rpath";
            GCC_OPTIMIZATION_LEVEL = "s";
            MACOSX_DEPLOYMENT_TARGET = "10.10";
            OTHER_SWIFT_FLAGS = (
               "-DXcode"
            );
            PRODUCT_NAME = "$(TARGET_NAME)";
            SDKROOT = "macosx";
            SUPPORTED_PLATFORMS = (
               "macosx",
               "iphoneos",
               "iphonesimulator",
               "appletvos",
               "appletvsimulator",
               "watchos",
               "watchsimulator"
            );
            SWIFT_ACTIVE_COMPILATION_CONDITIONS = (
               "SWIFT_PACKAGE"
            );
            SWIFT_OPTIMIZATION_LEVEL = "-Owholemodule";
            USE_HEADERMAP = "NO";
         };
         name = "Release";
      };
      "OBJ_44" = {
         isa = "XCConfigurationList";
         buildConfigurations = (
            "OBJ_45",
            "OBJ_46"
         );
         defaultConfigurationIsVisible = "0";
         defaultConfigurationName = "Release";
      };
      "OBJ_45" = {
         isa = "XCBuildConfiguration";
         buildSettings = {
            ENABLE_TESTABILITY = "YES";
            FRAMEWORK_SEARCH_PATHS = (
               "$(inherited)",
               "$(PLATFORM_DIR)/Developer/Library/Frameworks"
            );
            HEADER_SEARCH_PATHS = (
               "$(inherited)"
            );
            INFOPLIST_FILE = "mvvmc-template.xcodeproj/Files_Info.plist";
            LD_RUNPATH_SEARCH_PATHS = (
               "$(inherited)",
               "$(TOOLCHAIN_DIR)/usr/lib/swift/macosx"
            );
            OTHER_CFLAGS = (
               "$(inherited)"
            );
            OTHER_LDFLAGS = (
               "$(inherited)"
            );
            OTHER_SWIFT_FLAGS = (
               "$(inherited)"
            );
            PRODUCT_BUNDLE_IDENTIFIER = "Files";
            PRODUCT_MODULE_NAME = "$(TARGET_NAME:c99extidentifier)";
            PRODUCT_NAME = "$(TARGET_NAME:c99extidentifier)";
            SKIP_INSTALL = "YES";
            SWIFT_ACTIVE_COMPILATION_CONDITIONS = (
               "$(inherited)"
            );
            SWIFT_VERSION = "4.0";
            TARGET_NAME = "Files";
         };
         name = "Debug";
      };
      "OBJ_46" = {
         isa = "XCBuildConfiguration";
         buildSettings = {
            ENABLE_TESTABILITY = "YES";
            FRAMEWORK_SEARCH_PATHS = (
               "$(inherited)",
               "$(PLATFORM_DIR)/Developer/Library/Frameworks"
            );
            HEADER_SEARCH_PATHS = (
               "$(inherited)"
            );
            INFOPLIST_FILE = "mvvmc-template.xcodeproj/Files_Info.plist";
            LD_RUNPATH_SEARCH_PATHS = (
               "$(inherited)",
               "$(TOOLCHAIN_DIR)/usr/lib/swift/macosx"
            );
            OTHER_CFLAGS = (
               "$(inherited)"
            );
            OTHER_LDFLAGS = (
               "$(inherited)"
            );
            OTHER_SWIFT_FLAGS = (
               "$(inherited)"
            );
            PRODUCT_BUNDLE_IDENTIFIER = "Files";
            PRODUCT_MODULE_NAME = "$(TARGET_NAME:c99extidentifier)";
            PRODUCT_NAME = "$(TARGET_NAME:c99extidentifier)";
            SKIP_INSTALL = "YES";
            SWIFT_ACTIVE_COMPILATION_CONDITIONS = (
               "$(inherited)"
            );
            SWIFT_VERSION = "4.0";
            TARGET_NAME = "Files";
         };
         name = "Release";
      };
      "OBJ_47" = {
         isa = "PBXSourcesBuildPhase";
         files = (
            "OBJ_48"
         );
      };
      "OBJ_48" = {
         isa = "PBXBuildFile";
         fileRef = "OBJ_37";
      };
      "OBJ_49" = {
         isa = "PBXFrameworksBuildPhase";
         files = (
         );
      };
      "OBJ_5" = {
         isa = "PBXGroup";
         children = (
            "OBJ_6",
            "OBJ_7",
            "OBJ_27",
            "OBJ_31",
            "OBJ_38"
         );
         path = "";
         sourceTree = "<group>";
      };
      "OBJ_51" = {
         isa = "XCConfigurationList";
         buildConfigurations = (
            "OBJ_52",
            "OBJ_53"
         );
         defaultConfigurationIsVisible = "0";
         defaultConfigurationName = "Release";
      };
      "OBJ_52" = {
         isa = "XCBuildConfiguration";
         buildSettings = {
            LD = "/usr/bin/true";
            OTHER_SWIFT_FLAGS = (
               "-swift-version",
               "4",
               "-I",
               "$(TOOLCHAIN_DIR)/usr/lib/swift/pm/4",
               "-target",
               "x86_64-apple-macosx10.10",
               "-sdk",
               "/Applications/Xcode.app/Contents/Developer/Platforms/MacOSX.platform/Developer/SDKs/MacOSX10.14.sdk"
            );
            SWIFT_VERSION = "4.0";
         };
         name = "Debug";
      };
      "OBJ_53" = {
         isa = "XCBuildConfiguration";
         buildSettings = {
            LD = "/usr/bin/true";
            OTHER_SWIFT_FLAGS = (
               "-swift-version",
               "4",
               "-I",
               "$(TOOLCHAIN_DIR)/usr/lib/swift/pm/4",
               "-target",
               "x86_64-apple-macosx10.10",
               "-sdk",
               "/Applications/Xcode.app/Contents/Developer/Platforms/MacOSX.platform/Developer/SDKs/MacOSX10.14.sdk"
            );
            SWIFT_VERSION = "4.0";
         };
         name = "Release";
      };
      "OBJ_54" = {
         isa = "PBXSourcesBuildPhase";
         files = (
            "OBJ_55"
         );
      };
      "OBJ_55" = {
         isa = "PBXBuildFile";
         fileRef = "OBJ_36";
      };
      "OBJ_57" = {
         isa = "XCConfigurationList";
         buildConfigurations = (
            "OBJ_58",
            "OBJ_59"
         );
         defaultConfigurationIsVisible = "0";
         defaultConfigurationName = "Release";
      };
      "OBJ_58" = {
         isa = "XCBuildConfiguration";
         buildSettings = {
            ENABLE_TESTABILITY = "YES";
            FRAMEWORK_SEARCH_PATHS = (
               "$(inherited)",
               "$(PLATFORM_DIR)/Developer/Library/Frameworks"
            );
            HEADER_SEARCH_PATHS = (
               "$(inherited)"
            );
            INFOPLIST_FILE = "mvvmc-template.xcodeproj/ShellOut_Info.plist";
            LD_RUNPATH_SEARCH_PATHS = (
               "$(inherited)",
               "$(TOOLCHAIN_DIR)/usr/lib/swift/macosx"
            );
            OTHER_CFLAGS = (
               "$(inherited)"
            );
            OTHER_LDFLAGS = (
               "$(inherited)"
            );
            OTHER_SWIFT_FLAGS = (
               "$(inherited)"
            );
            PRODUCT_BUNDLE_IDENTIFIER = "ShellOut";
            PRODUCT_MODULE_NAME = "$(TARGET_NAME:c99extidentifier)";
            PRODUCT_NAME = "$(TARGET_NAME:c99extidentifier)";
            SKIP_INSTALL = "YES";
            SWIFT_ACTIVE_COMPILATION_CONDITIONS = (
               "$(inherited)"
            );
            SWIFT_VERSION = "4.2";
            TARGET_NAME = "ShellOut";
         };
         name = "Debug";
      };
      "OBJ_59" = {
         isa = "XCBuildConfiguration";
         buildSettings = {
            ENABLE_TESTABILITY = "YES";
            FRAMEWORK_SEARCH_PATHS = (
               "$(inherited)",
               "$(PLATFORM_DIR)/Developer/Library/Frameworks"
            );
            HEADER_SEARCH_PATHS = (
               "$(inherited)"
            );
            INFOPLIST_FILE = "mvvmc-template.xcodeproj/ShellOut_Info.plist";
            LD_RUNPATH_SEARCH_PATHS = (
               "$(inherited)",
               "$(TOOLCHAIN_DIR)/usr/lib/swift/macosx"
            );
            OTHER_CFLAGS = (
               "$(inherited)"
            );
            OTHER_LDFLAGS = (
               "$(inherited)"
            );
            OTHER_SWIFT_FLAGS = (
               "$(inherited)"
            );
            PRODUCT_BUNDLE_IDENTIFIER = "ShellOut";
            PRODUCT_MODULE_NAME = "$(TARGET_NAME:c99extidentifier)";
            PRODUCT_NAME = "$(TARGET_NAME:c99extidentifier)";
            SKIP_INSTALL = "YES";
            SWIFT_ACTIVE_COMPILATION_CONDITIONS = (
               "$(inherited)"
            );
            SWIFT_VERSION = "4.2";
            TARGET_NAME = "ShellOut";
         };
         name = "Release";
      };
      "OBJ_6" = {
         isa = "PBXFileReference";
         explicitFileType = "sourcecode.swift";
         path = "Package.swift";
         sourceTree = "<group>";
      };
      "OBJ_60" = {
         isa = "PBXSourcesBuildPhase";
         files = (
            "OBJ_61"
         );
      };
      "OBJ_61" = {
         isa = "PBXBuildFile";
         fileRef = "OBJ_34";
      };
      "OBJ_62" = {
         isa = "PBXFrameworksBuildPhase";
         files = (
         );
      };
      "OBJ_64" = {
         isa = "XCConfigurationList";
         buildConfigurations = (
            "OBJ_65",
            "OBJ_66"
         );
         defaultConfigurationIsVisible = "0";
         defaultConfigurationName = "Release";
      };
      "OBJ_65" = {
         isa = "XCBuildConfiguration";
         buildSettings = {
            LD = "/usr/bin/true";
            OTHER_SWIFT_FLAGS = (
               "-swift-version",
               "4.2",
               "-I",
               "$(TOOLCHAIN_DIR)/usr/lib/swift/pm/4_2",
               "-target",
               "x86_64-apple-macosx10.10",
               "-sdk",
               "/Applications/Xcode.app/Contents/Developer/Platforms/MacOSX.platform/Developer/SDKs/MacOSX10.14.sdk"
            );
            SWIFT_VERSION = "4.2";
         };
         name = "Debug";
      };
      "OBJ_66" = {
         isa = "XCBuildConfiguration";
         buildSettings = {
            LD = "/usr/bin/true";
            OTHER_SWIFT_FLAGS = (
               "-swift-version",
               "4.2",
               "-I",
               "$(TOOLCHAIN_DIR)/usr/lib/swift/pm/4_2",
               "-target",
               "x86_64-apple-macosx10.10",
               "-sdk",
               "/Applications/Xcode.app/Contents/Developer/Platforms/MacOSX.platform/Developer/SDKs/MacOSX10.14.sdk"
            );
            SWIFT_VERSION = "4.2";
         };
         name = "Release";
      };
      "OBJ_67" = {
         isa = "PBXSourcesBuildPhase";
         files = (
            "OBJ_68"
         );
      };
      "OBJ_68" = {
         isa = "PBXBuildFile";
         fileRef = "OBJ_33";
      };
      "OBJ_7" = {
         isa = "PBXGroup";
         children = (
            "OBJ_8"
         );
         name = "Sources";
         path = "";
         sourceTree = "SOURCE_ROOT";
      };
      "OBJ_70" = {
         isa = "XCConfigurationList";
         buildConfigurations = (
            "OBJ_71",
            "OBJ_72"
         );
         defaultConfigurationIsVisible = "0";
         defaultConfigurationName = "Release";
      };
      "OBJ_71" = {
         isa = "XCBuildConfiguration";
         buildSettings = {
            FRAMEWORK_SEARCH_PATHS = (
               "$(inherited)",
               "$(PLATFORM_DIR)/Developer/Library/Frameworks"
            );
            HEADER_SEARCH_PATHS = (
               "$(inherited)"
            );
            INFOPLIST_FILE = "mvvmc-template.xcodeproj/mvvmc_template_Info.plist";
            LD_RUNPATH_SEARCH_PATHS = (
               "$(inherited)",
               "$(TOOLCHAIN_DIR)/usr/lib/swift/macosx",
               "@executable_path"
            );
            OTHER_CFLAGS = (
               "$(inherited)"
            );
            OTHER_LDFLAGS = (
               "$(inherited)"
            );
            OTHER_SWIFT_FLAGS = (
               "$(inherited)"
            );
            SWIFT_ACTIVE_COMPILATION_CONDITIONS = (
               "$(inherited)"
            );
            SWIFT_FORCE_DYNAMIC_LINK_STDLIB = "YES";
            SWIFT_FORCE_STATIC_LINK_STDLIB = "NO";
            SWIFT_VERSION = "4.2";
            TARGET_NAME = "mvvmc-template";
         };
         name = "Debug";
      };
      "OBJ_72" = {
         isa = "XCBuildConfiguration";
         buildSettings = {
            FRAMEWORK_SEARCH_PATHS = (
               "$(inherited)",
               "$(PLATFORM_DIR)/Developer/Library/Frameworks"
            );
            HEADER_SEARCH_PATHS = (
               "$(inherited)"
            );
            INFOPLIST_FILE = "mvvmc-template.xcodeproj/mvvmc_template_Info.plist";
            LD_RUNPATH_SEARCH_PATHS = (
               "$(inherited)",
               "$(TOOLCHAIN_DIR)/usr/lib/swift/macosx",
               "@executable_path"
            );
            OTHER_CFLAGS = (
               "$(inherited)"
            );
            OTHER_LDFLAGS = (
               "$(inherited)"
            );
            OTHER_SWIFT_FLAGS = (
               "$(inherited)"
            );
            SWIFT_ACTIVE_COMPILATION_CONDITIONS = (
               "$(inherited)"
            );
            SWIFT_FORCE_DYNAMIC_LINK_STDLIB = "YES";
            SWIFT_FORCE_STATIC_LINK_STDLIB = "NO";
            SWIFT_VERSION = "4.2";
            TARGET_NAME = "mvvmc-template";
         };
         name = "Release";
      };
      "OBJ_73" = {
         isa = "PBXSourcesBuildPhase";
         files = (
            "OBJ_74",
            "OBJ_75",
            "OBJ_76",
            "OBJ_77",
            "OBJ_78",
            "OBJ_79",
            "OBJ_80",
            "OBJ_81",
            "OBJ_82",
            "OBJ_83",
            "OBJ_84",
            "OBJ_85",
            "OBJ_86",
            "OBJ_87",
            "OBJ_88"
         );
      };
      "OBJ_74" = {
         isa = "PBXBuildFile";
         fileRef = "OBJ_10";
      };
      "OBJ_75" = {
         isa = "PBXBuildFile";
         fileRef = "OBJ_11";
      };
      "OBJ_76" = {
         isa = "PBXBuildFile";
         fileRef = "OBJ_12";
      };
      "OBJ_77" = {
         isa = "PBXBuildFile";
         fileRef = "OBJ_13";
      };
      "OBJ_78" = {
         isa = "PBXBuildFile";
         fileRef = "OBJ_15";
      };
      "OBJ_79" = {
         isa = "PBXBuildFile";
         fileRef = "OBJ_16";
      };
      "OBJ_8" = {
         isa = "PBXGroup";
         children = (
            "OBJ_9",
            "OBJ_14",
            "OBJ_22",
            "OBJ_23",
            "OBJ_26"
         );
         name = "mvvmc-template";
         path = "Sources/mvvmc-template";
         sourceTree = "SOURCE_ROOT";
      };
      "OBJ_80" = {
         isa = "PBXBuildFile";
         fileRef = "OBJ_17";
      };
      "OBJ_81" = {
         isa = "PBXBuildFile";
         fileRef = "OBJ_18";
      };
      "OBJ_82" = {
         isa = "PBXBuildFile";
         fileRef = "OBJ_19";
      };
      "OBJ_83" = {
         isa = "PBXBuildFile";
         fileRef = "OBJ_20";
      };
      "OBJ_84" = {
         isa = "PBXBuildFile";
         fileRef = "OBJ_21";
      };
      "OBJ_85" = {
         isa = "PBXBuildFile";
         fileRef = "OBJ_22";
      };
      "OBJ_86" = {
         isa = "PBXBuildFile";
         fileRef = "OBJ_24";
      };
      "OBJ_87" = {
         isa = "PBXBuildFile";
         fileRef = "OBJ_25";
      };
      "OBJ_88" = {
         isa = "PBXBuildFile";
         fileRef = "OBJ_26";
      };
      "OBJ_89" = {
         isa = "PBXFrameworksBuildPhase";
         files = (
            "OBJ_90",
            "OBJ_91"
         );
      };
      "OBJ_9" = {
         isa = "PBXGroup";
         children = (
            "OBJ_10",
            "OBJ_11",
            "OBJ_12",
            "OBJ_13"
         );
         name = "Command";
         path = "Command";
         sourceTree = "<group>";
      };
      "OBJ_90" = {
         isa = "PBXBuildFile";
         fileRef = "ShellOut::ShellOut::Product";
      };
      "OBJ_91" = {
         isa = "PBXBuildFile";
         fileRef = "Files::Files::Product";
      };
      "OBJ_92" = {
         isa = "PBXTargetDependency";
         target = "ShellOut::ShellOut";
      };
      "OBJ_93" = {
         isa = "PBXTargetDependency";
         target = "Files::Files";
      };
      "OBJ_95" = {
         isa = "XCConfigurationList";
         buildConfigurations = (
            "OBJ_96",
            "OBJ_97"
         );
         defaultConfigurationIsVisible = "0";
         defaultConfigurationName = "Release";
      };
      "OBJ_96" = {
         isa = "XCBuildConfiguration";
         buildSettings = {
            LD = "/usr/bin/true";
            OTHER_SWIFT_FLAGS = (
               "-swift-version",
               "4.2",
               "-I",
               "$(TOOLCHAIN_DIR)/usr/lib/swift/pm/4_2",
               "-target",
               "x86_64-apple-macosx10.10",
               "-sdk",
               "/Applications/Xcode.app/Contents/Developer/Platforms/MacOSX.platform/Developer/SDKs/MacOSX10.14.sdk"
            );
            SWIFT_VERSION = "4.2";
         };
         name = "Debug";
      };
      "OBJ_97" = {
         isa = "XCBuildConfiguration";
         buildSettings = {
            LD = "/usr/bin/true";
            OTHER_SWIFT_FLAGS = (
               "-swift-version",
               "4.2",
               "-I",
               "$(TOOLCHAIN_DIR)/usr/lib/swift/pm/4_2",
               "-target",
               "x86_64-apple-macosx10.10",
               "-sdk",
               "/Applications/Xcode.app/Contents/Developer/Platforms/MacOSX.platform/Developer/SDKs/MacOSX10.14.sdk"
            );
            SWIFT_VERSION = "4.2";
         };
         name = "Release";
      };
      "OBJ_98" = {
         isa = "PBXSourcesBuildPhase";
         files = (
            "OBJ_99"
         );
      };
      "OBJ_99" = {
         isa = "PBXBuildFile";
         fileRef = "OBJ_6";
      };
      "ShellOut::ShellOut" = {
         isa = "PBXNativeTarget";
         buildConfigurationList = "OBJ_57";
         buildPhases = (
            "OBJ_60",
            "OBJ_62"
         );
         dependencies = (
         );
         name = "ShellOut";
         productName = "ShellOut";
         productReference = "ShellOut::ShellOut::Product";
         productType = "com.apple.product-type.framework";
      };
      "ShellOut::ShellOut::Product" = {
         isa = "PBXFileReference";
         path = "ShellOut.framework";
         sourceTree = "BUILT_PRODUCTS_DIR";
      };
      "ShellOut::SwiftPMPackageDescription" = {
         isa = "PBXNativeTarget";
         buildConfigurationList = "OBJ_64";
         buildPhases = (
            "OBJ_67"
         );
         dependencies = (
         );
         name = "ShellOutPackageDescription";
         productName = "ShellOutPackageDescription";
         productType = "com.apple.product-type.framework";
      };
      "mvvmc-template::SwiftPMPackageDescription" = {
         isa = "PBXNativeTarget";
         buildConfigurationList = "OBJ_95";
         buildPhases = (
            "OBJ_98"
         );
         dependencies = (
         );
         name = "mvvmc-templatePackageDescription";
         productName = "mvvmc-templatePackageDescription";
         productType = "com.apple.product-type.framework";
      };
      "mvvmc-template::mvvmc-template" = {
         isa = "PBXNativeTarget";
         buildConfigurationList = "OBJ_70";
         buildPhases = (
            "OBJ_73",
            "OBJ_89"
         );
         dependencies = (
            "OBJ_92",
            "OBJ_93"
         );
         name = "mvvmc-template";
         productName = "mvvmc_template";
         productReference = "mvvmc-template::mvvmc-template::Product";
         productType = "com.apple.product-type.tool";
      };
      "mvvmc-template::mvvmc-template::Product" = {
         isa = "PBXFileReference";
         path = "mvvmc-template";
         sourceTree = "BUILT_PRODUCTS_DIR";
      };
      "mvvmc-template::mvvmc-templatePackageTests::ProductTarget" = {
         isa = "PBXAggregateTarget";
         buildConfigurationList = "OBJ_101";
         buildPhases = (
         );
         dependencies = (
            "OBJ_104"
         );
         name = "mvvmc-templatePackageTests";
         productName = "mvvmc-templatePackageTests";
      };
      "mvvmc-template::mvvmc-templateTests" = {
         isa = "PBXNativeTarget";
         buildConfigurationList = "OBJ_106";
         buildPhases = (
            "OBJ_109",
            "OBJ_112"
         );
         dependencies = (
            "OBJ_115",
            "OBJ_116",
            "OBJ_117"
         );
         name = "mvvmc-templateTests";
         productName = "mvvmc_templateTests";
         productReference = "mvvmc-template::mvvmc-templateTests::Product";
         productType = "com.apple.product-type.bundle.unit-test";
      };
      "mvvmc-template::mvvmc-templateTests::Product" = {
         isa = "PBXFileReference";
         path = "mvvmc_templateTests.xctest";
         sourceTree = "BUILT_PRODUCTS_DIR";
      };
   };
   rootObject = "OBJ_1";
}
